// !$*UTF8*$!
{
	archiveVersion = 1;
	classes = {
	};
	objectVersion = 46;
	objects = {

/* Begin PBXBuildFile section */
		7AE460B11DB6134F008BD20D /* AppDelegate.swift in Sources */ = {isa = PBXBuildFile; fileRef = 7AE460B01DB6134F008BD20D /* AppDelegate.swift */; };
		7AE460B31DB6134F008BD20D /* ViewController.swift in Sources */ = {isa = PBXBuildFile; fileRef = 7AE460B21DB6134F008BD20D /* ViewController.swift */; };
		7AE460B61DB6134F008BD20D /* Main.storyboard in Resources */ = {isa = PBXBuildFile; fileRef = 7AE460B41DB6134F008BD20D /* Main.storyboard */; };
		7AE460B81DB6134F008BD20D /* Assets.xcassets in Resources */ = {isa = PBXBuildFile; fileRef = 7AE460B71DB6134F008BD20D /* Assets.xcassets */; };
		7AE460BB1DB6134F008BD20D /* LaunchScreen.storyboard in Resources */ = {isa = PBXBuildFile; fileRef = 7AE460B91DB6134F008BD20D /* LaunchScreen.storyboard */; };
		7AE460C61DB6134F008BD20D /* YameshTests.swift in Sources */ = {isa = PBXBuildFile; fileRef = 7AE460C51DB6134F008BD20D /* YameshTests.swift */; };
/* End PBXBuildFile section */

/* Begin PBXContainerItemProxy section */
		7AE460C21DB6134F008BD20D /* PBXContainerItemProxy */ = {
			isa = PBXContainerItemProxy;
			containerPortal = 7AE460A51DB6134F008BD20D /* Project object */;
			proxyType = 1;
			remoteGlobalIDString = 7AE460AC1DB6134F008BD20D;
			remoteInfo = Yamesh;
		};
/* End PBXContainerItemProxy section */

/* Begin PBXFileReference section */
		7AE460AD1DB6134F008BD20D /* Yamesh.app */ = {isa = PBXFileReference; explicitFileType = wrapper.application; includeInIndex = 0; path = Yamesh.app; sourceTree = BUILT_PRODUCTS_DIR; };
		7AE460B01DB6134F008BD20D /* AppDelegate.swift */ = {isa = PBXFileReference; lastKnownFileType = sourcecode.swift; path = AppDelegate.swift; sourceTree = "<group>"; };
		7AE460B21DB6134F008BD20D /* ViewController.swift */ = {isa = PBXFileReference; lastKnownFileType = sourcecode.swift; path = ViewController.swift; sourceTree = "<group>"; };
		7AE460B51DB6134F008BD20D /* Base */ = {isa = PBXFileReference; lastKnownFileType = file.storyboard; name = Base; path = Base.lproj/Main.storyboard; sourceTree = "<group>"; };
		7AE460B71DB6134F008BD20D /* Assets.xcassets */ = {isa = PBXFileReference; lastKnownFileType = folder.assetcatalog; path = Assets.xcassets; sourceTree = "<group>"; };
		7AE460BA1DB6134F008BD20D /* Base */ = {isa = PBXFileReference; lastKnownFileType = file.storyboard; name = Base; path = Base.lproj/LaunchScreen.storyboard; sourceTree = "<group>"; };
		7AE460BC1DB6134F008BD20D /* Info.plist */ = {isa = PBXFileReference; lastKnownFileType = text.plist.xml; path = Info.plist; sourceTree = "<group>"; };
		7AE460C11DB6134F008BD20D /* YameshTests.xctest */ = {isa = PBXFileReference; explicitFileType = wrapper.cfbundle; includeInIndex = 0; path = YameshTests.xctest; sourceTree = BUILT_PRODUCTS_DIR; };
		7AE460C51DB6134F008BD20D /* YameshTests.swift */ = {isa = PBXFileReference; lastKnownFileType = sourcecode.swift; path = YameshTests.swift; sourceTree = "<group>"; };
		7AE460C71DB6134F008BD20D /* Info.plist */ = {isa = PBXFileReference; lastKnownFileType = text.plist.xml; path = Info.plist; sourceTree = "<group>"; };
/* End PBXFileReference section */

/* Begin PBXFrameworksBuildPhase section */
		7AE460AA1DB6134F008BD20D /* Frameworks */ = {
			isa = PBXFrameworksBuildPhase;
			buildActionMask = 2147483647;
			files = (
			);
			runOnlyForDeploymentPostprocessing = 0;
		};
		7AE460BE1DB6134F008BD20D /* Frameworks */ = {
			isa = PBXFrameworksBuildPhase;
			buildActionMask = 2147483647;
			files = (
			);
			runOnlyForDeploymentPostprocessing = 0;
		};
/* End PBXFrameworksBuildPhase section */

/* Begin PBXGroup section */
		7AE460A41DB6134F008BD20D = {
			isa = PBXGroup;
			children = (
				7AE460AF1DB6134F008BD20D /* Yamesh */,
				7AE460C41DB6134F008BD20D /* YameshTests */,
				7AE460AE1DB6134F008BD20D /* Products */,
			);
			sourceTree = "<group>";
		};
		7AE460AE1DB6134F008BD20D /* Products */ = {
			isa = PBXGroup;
			children = (
				7AE460AD1DB6134F008BD20D /* Yamesh.app */,
				7AE460C11DB6134F008BD20D /* YameshTests.xctest */,
			);
			name = Products;
			sourceTree = "<group>";
		};
		7AE460AF1DB6134F008BD20D /* Yamesh */ = {
			isa = PBXGroup;
			children = (
				7AE460B01DB6134F008BD20D /* AppDelegate.swift */,
				7AE460B21DB6134F008BD20D /* ViewController.swift */,
				7AE460B41DB6134F008BD20D /* Main.storyboard */,
				7AE460B71DB6134F008BD20D /* Assets.xcassets */,
				7AE460B91DB6134F008BD20D /* LaunchScreen.storyboard */,
				7AE460BC1DB6134F008BD20D /* Info.plist */,
			);
			path = Yamesh;
			sourceTree = "<group>";
		};
		7AE460C41DB6134F008BD20D /* YameshTests */ = {
			isa = PBXGroup;
			children = (
				7AE460C51DB6134F008BD20D /* YameshTests.swift */,
				7AE460C71DB6134F008BD20D /* Info.plist */,
			);
			path = YameshTests;
			sourceTree = "<group>";
		};
/* End PBXGroup section */

/* Begin PBXNativeTarget section */
		7AE460AC1DB6134F008BD20D /* Yamesh */ = {
			isa = PBXNativeTarget;
			buildConfigurationList = 7AE460CA1DB6134F008BD20D /* Build configuration list for PBXNativeTarget "Yamesh" */;
			buildPhases = (
				7AE460A91DB6134F008BD20D /* Sources */,
				7AE460AA1DB6134F008BD20D /* Frameworks */,
				7AE460AB1DB6134F008BD20D /* Resources */,
			);
			buildRules = (
			);
			dependencies = (
			);
			name = Yamesh;
			productName = Yamesh;
			productReference = 7AE460AD1DB6134F008BD20D /* Yamesh.app */;
			productType = "com.apple.product-type.application";
		};
		7AE460C01DB6134F008BD20D /* YameshTests */ = {
			isa = PBXNativeTarget;
			buildConfigurationList = 7AE460CD1DB6134F008BD20D /* Build configuration list for PBXNativeTarget "YameshTests" */;
			buildPhases = (
				7AE460BD1DB6134F008BD20D /* Sources */,
				7AE460BE1DB6134F008BD20D /* Frameworks */,
				7AE460BF1DB6134F008BD20D /* Resources */,
			);
			buildRules = (
			);
			dependencies = (
				7AE460C31DB6134F008BD20D /* PBXTargetDependency */,
			);
			name = YameshTests;
			productName = YameshTests;
			productReference = 7AE460C11DB6134F008BD20D /* YameshTests.xctest */;
			productType = "com.apple.product-type.bundle.unit-test";
		};
/* End PBXNativeTarget section */

/* Begin PBXProject section */
		7AE460A51DB6134F008BD20D /* Project object */ = {
			isa = PBXProject;
			attributes = {
				LastSwiftUpdateCheck = 0800;
				LastUpgradeCheck = 0800;
				ORGANIZATIONNAME = esm;
				TargetAttributes = {
					7AE460AC1DB6134F008BD20D = {
						CreatedOnToolsVersion = 8.0;
						DevelopmentTeam = RS6HW2Q7K3;
						ProvisioningStyle = Automatic;
					};
					7AE460C01DB6134F008BD20D = {
						CreatedOnToolsVersion = 8.0;
						DevelopmentTeam = RS6HW2Q7K3;
						ProvisioningStyle = Automatic;
						TestTargetID = 7AE460AC1DB6134F008BD20D;
					};
				};
			};
			buildConfigurationList = 7AE460A81DB6134F008BD20D /* Build configuration list for PBXProject "Yamesh" */;
			compatibilityVersion = "Xcode 3.2";
			developmentRegion = English;
			hasScannedForEncodings = 0;
			knownRegions = (
				en,
				Base,
			);
			mainGroup = 7AE460A41DB6134F008BD20D;
			productRefGroup = 7AE460AE1DB6134F008BD20D /* Products */;
			projectDirPath = "";
			projectRoot = "";
			targets = (
				7AE460AC1DB6134F008BD20D /* Yamesh */,
				7AE460C01DB6134F008BD20D /* YameshTests */,
			);
		};
/* End PBXProject section */

/* Begin PBXResourcesBuildPhase section */
		7AE460AB1DB6134F008BD20D /* Resources */ = {
			isa = PBXResourcesBuildPhase;
			buildActionMask = 2147483647;
			files = (
				7AE460BB1DB6134F008BD20D /* LaunchScreen.storyboard in Resources */,
				7AE460B81DB6134F008BD20D /* Assets.xcassets in Resources */,
				7AE460B61DB6134F008BD20D /* Main.storyboard in Resources */,
			);
			runOnlyForDeploymentPostprocessing = 0;
		};
		7AE460BF1DB6134F008BD20D /* Resources */ = {
			isa = PBXResourcesBuildPhase;
			buildActionMask = 2147483647;
			files = (
			);
			runOnlyForDeploymentPostprocessing = 0;
		};
/* End PBXResourcesBuildPhase section */

/* Begin PBXSourcesBuildPhase section */
		7AE460A91DB6134F008BD20D /* Sources */ = {
			isa = PBXSourcesBuildPhase;
			buildActionMask = 2147483647;
			files = (
				7AE460B31DB6134F008BD20D /* ViewController.swift in Sources */,
				7AE460B11DB6134F008BD20D /* AppDelegate.swift in Sources */,
			);
			runOnlyForDeploymentPostprocessing = 0;
		};
		7AE460BD1DB6134F008BD20D /* Sources */ = {
			isa = PBXSourcesBuildPhase;
			buildActionMask = 2147483647;
			files = (
				7AE460C61DB6134F008BD20D /* YameshTests.swift in Sources */,
			);
			runOnlyForDeploymentPostprocessing = 0;
		};
/* End PBXSourcesBuildPhase section */

/* Begin PBXTargetDependency section */
		7AE460C31DB6134F008BD20D /* PBXTargetDependency */ = {
			isa = PBXTargetDependency;
			target = 7AE460AC1DB6134F008BD20D /* Yamesh */;
			targetProxy = 7AE460C21DB6134F008BD20D /* PBXContainerItemProxy */;
		};
/* End PBXTargetDependency section */

/* Begin PBXVariantGroup section */
		7AE460B41DB6134F008BD20D /* Main.storyboard */ = {
			isa = PBXVariantGroup;
			children = (
				7AE460B51DB6134F008BD20D /* Base */,
			);
			name = Main.storyboard;
			sourceTree = "<group>";
		};
		7AE460B91DB6134F008BD20D /* LaunchScreen.storyboard */ = {
			isa = PBXVariantGroup;
			children = (
				7AE460BA1DB6134F008BD20D /* Base */,
			);
			name = LaunchScreen.storyboard;
			sourceTree = "<group>";
		};
/* End PBXVariantGroup section */

/* Begin XCBuildConfiguration section */
		7AE460C81DB6134F008BD20D /* Debug */ = {
			isa = XCBuildConfiguration;
			buildSettings = {
				ALWAYS_SEARCH_USER_PATHS = NO;
				CLANG_ANALYZER_NONNULL = YES;
				CLANG_CXX_LANGUAGE_STANDARD = "gnu++0x";
				CLANG_CXX_LIBRARY = "libc++";
				CLANG_ENABLE_MODULES = YES;
				CLANG_ENABLE_OBJC_ARC = YES;
				CLANG_WARN_BOOL_CONVERSION = YES;
				CLANG_WARN_CONSTANT_CONVERSION = YES;
				CLANG_WARN_DIRECT_OBJC_ISA_USAGE = YES_ERROR;
				CLANG_WARN_DOCUMENTATION_COMMENTS = YES;
				CLANG_WARN_EMPTY_BODY = YES;
				CLANG_WARN_ENUM_CONVERSION = YES;
				CLANG_WARN_INFINITE_RECURSION = YES;
				CLANG_WARN_INT_CONVERSION = YES;
				CLANG_WARN_OBJC_ROOT_CLASS = YES_ERROR;
				CLANG_WARN_SUSPICIOUS_MOVES = YES;
				CLANG_WARN_UNREACHABLE_CODE = YES;
				CLANG_WARN__DUPLICATE_METHOD_MATCH = YES;
				"CODE_SIGN_IDENTITY[sdk=iphoneos*]" = "iPhone Developer";
				COPY_PHASE_STRIP = NO;
				DEBUG_INFORMATION_FORMAT = dwarf;
				ENABLE_STRICT_OBJC_MSGSEND = YES;
				ENABLE_TESTABILITY = YES;
				GCC_C_LANGUAGE_STANDARD = gnu99;
				GCC_DYNAMIC_NO_PIC = NO;
				GCC_NO_COMMON_BLOCKS = YES;
				GCC_OPTIMIZATION_LEVEL = 0;
				GCC_PREPROCESSOR_DEFINITIONS = (
					"DEBUG=1",
					"$(inherited)",
				);
				GCC_WARN_64_TO_32_BIT_CONVERSION = YES;
				GCC_WARN_ABOUT_RETURN_TYPE = YES_ERROR;
				GCC_WARN_UNDECLARED_SELECTOR = YES;
				GCC_WARN_UNINITIALIZED_AUTOS = YES_AGGRESSIVE;
				GCC_WARN_UNUSED_FUNCTION = YES;
				GCC_WARN_UNUSED_VARIABLE = YES;
				IPHONEOS_DEPLOYMENT_TARGET = 10.0;
				MTL_ENABLE_DEBUG_INFO = YES;
				ONLY_ACTIVE_ARCH = YES;
				SDKROOT = iphoneos;
				SWIFT_ACTIVE_COMPILATION_CONDITIONS = DEBUG;
				SWIFT_OPTIMIZATION_LEVEL = "-Onone";
				TARGETED_DEVICE_FAMILY = "1,2";
			};
			name = Debug;
		};
		7AE460C91DB6134F008BD20D /* Release */ = {
			isa = XCBuildConfiguration;
			buildSettings = {
				ALWAYS_SEARCH_USER_PATHS = NO;
				CLANG_ANALYZER_NONNULL = YES;
				CLANG_CXX_LANGUAGE_STANDARD = "gnu++0x";
				CLANG_CXX_LIBRARY = "libc++";
				CLANG_ENABLE_MODULES = YES;
				CLANG_ENABLE_OBJC_ARC = YES;
				CLANG_WARN_BOOL_CONVERSION = YES;
				CLANG_WARN_CONSTANT_CONVERSION = YES;
				CLANG_WARN_DIRECT_OBJC_ISA_USAGE = YES_ERROR;
				CLANG_WARN_DOCUMENTATION_COMMENTS = YES;
				CLANG_WARN_EMPTY_BODY = YES;
				CLANG_WARN_ENUM_CONVERSION = YES;
				CLANG_WARN_INFINITE_RECURSION = YES;
				CLANG_WARN_INT_CONVERSION = YES;
				CLANG_WARN_OBJC_ROOT_CLASS = YES_ERROR;
				CLANG_WARN_SUSPICIOUS_MOVES = YES;
				CLANG_WARN_UNREACHABLE_CODE = YES;
				CLANG_WARN__DUPLICATE_METHOD_MATCH = YES;
				"CODE_SIGN_IDENTITY[sdk=iphoneos*]" = "iPhone Developer";
				COPY_PHASE_STRIP = NO;
				DEBUG_INFORMATION_FORMAT = "dwarf-with-dsym";
				ENABLE_NS_ASSERTIONS = NO;
				ENABLE_STRICT_OBJC_MSGSEND = YES;
				GCC_C_LANGUAGE_STANDARD = gnu99;
				GCC_NO_COMMON_BLOCKS = YES;
				GCC_WARN_64_TO_32_BIT_CONVERSION = YES;
				GCC_WARN_ABOUT_RETURN_TYPE = YES_ERROR;
				GCC_WARN_UNDECLARED_SELECTOR = YES;
				GCC_WARN_UNINITIALIZED_AUTOS = YES_AGGRESSIVE;
				GCC_WARN_UNUSED_FUNCTION = YES;
				GCC_WARN_UNUSED_VARIABLE = YES;
				IPHONEOS_DEPLOYMENT_TARGET = 10.0;
				MTL_ENABLE_DEBUG_INFO = NO;
				SDKROOT = iphoneos;
				SWIFT_OPTIMIZATION_LEVEL = "-Owholemodule";
				TARGETED_DEVICE_FAMILY = "1,2";
				VALIDATE_PRODUCT = YES;
			};
			name = Release;
		};
		7AE460CB1DB6134F008BD20D /* Debug */ = {
			isa = XCBuildConfiguration;
			buildSettings = {
				ASSETCATALOG_COMPILER_APPICON_NAME = AppIcon;
				DEVELOPMENT_TEAM = RS6HW2Q7K3;
				INFOPLIST_FILE = Yamesh/Info.plist;
				LD_RUNPATH_SEARCH_PATHS = "$(inherited) @executable_path/Frameworks";
				PRODUCT_BUNDLE_IDENTIFIER = jp.co.esm.Yamesh;
				PRODUCT_NAME = "$(TARGET_NAME)";
				SWIFT_VERSION = 3.0;
			};
			name = Debug;
		};
		7AE460CC1DB6134F008BD20D /* Release */ = {
			isa = XCBuildConfiguration;
			buildSettings = {
				ASSETCATALOG_COMPILER_APPICON_NAME = AppIcon;
				DEVELOPMENT_TEAM = RS6HW2Q7K3;
				INFOPLIST_FILE = Yamesh/Info.plist;
				LD_RUNPATH_SEARCH_PATHS = "$(inherited) @executable_path/Frameworks";
				PRODUCT_BUNDLE_IDENTIFIER = jp.co.esm.Yamesh;
				PRODUCT_NAME = "$(TARGET_NAME)";
				SWIFT_VERSION = 3.0;
			};
			name = Release;
		};
		7AE460CE1DB6134F008BD20D /* Debug */ = {
			isa = XCBuildConfiguration;
			buildSettings = {
				ALWAYS_EMBED_SWIFT_STANDARD_LIBRARIES = YES;
				BUNDLE_LOADER = "$(TEST_HOST)";
				DEVELOPMENT_TEAM = RS6HW2Q7K3;
				INFOPLIST_FILE = YameshTests/Info.plist;
				LD_RUNPATH_SEARCH_PATHS = "$(inherited) @executable_path/Frameworks @loader_path/Frameworks";
				PRODUCT_BUNDLE_IDENTIFIER = jp.co.esm.YameshTests;
				PRODUCT_NAME = "$(TARGET_NAME)";
				SWIFT_VERSION = 3.0;
				TEST_HOST = "$(BUILT_PRODUCTS_DIR)/Yamesh.app/Yamesh";
			};
			name = Debug;
		};
		7AE460CF1DB6134F008BD20D /* Release */ = {
			isa = XCBuildConfiguration;
			buildSettings = {
				ALWAYS_EMBED_SWIFT_STANDARD_LIBRARIES = YES;
				BUNDLE_LOADER = "$(TEST_HOST)";
				DEVELOPMENT_TEAM = RS6HW2Q7K3;
				INFOPLIST_FILE = YameshTests/Info.plist;
				LD_RUNPATH_SEARCH_PATHS = "$(inherited) @executable_path/Frameworks @loader_path/Frameworks";
				PRODUCT_BUNDLE_IDENTIFIER = jp.co.esm.YameshTests;
				PRODUCT_NAME = "$(TARGET_NAME)";
				SWIFT_VERSION = 3.0;
				TEST_HOST = "$(BUILT_PRODUCTS_DIR)/Yamesh.app/Yamesh";
			};
			name = Release;
		};
/* End XCBuildConfiguration section */

/* Begin XCConfigurationList section */
		7AE460A81DB6134F008BD20D /* Build configuration list for PBXProject "Yamesh" */ = {
			isa = XCConfigurationList;
			buildConfigurations = (
				7AE460C81DB6134F008BD20D /* Debug */,
				7AE460C91DB6134F008BD20D /* Release */,
			);
			defaultConfigurationIsVisible = 0;
			defaultConfigurationName = Release;
		};
		7AE460CA1DB6134F008BD20D /* Build configuration list for PBXNativeTarget "Yamesh" */ = {
			isa = XCConfigurationList;
			buildConfigurations = (
				7AE460CB1DB6134F008BD20D /* Debug */,
				7AE460CC1DB6134F008BD20D /* Release */,
			);
			defaultConfigurationIsVisible = 0;
		};
		7AE460CD1DB6134F008BD20D /* Build configuration list for PBXNativeTarget "YameshTests" */ = {
			isa = XCConfigurationList;
			buildConfigurations = (
				7AE460CE1DB6134F008BD20D /* Debug */,
				7AE460CF1DB6134F008BD20D /* Release */,
			);
			defaultConfigurationIsVisible = 0;
		};
/* End XCConfigurationList section */
	};
	rootObject = 7AE460A51DB6134F008BD20D /* Project object */;
}
